
Microsoft Visual Studio Solution File, Format Version 12.00
# Visual Studio Version 17
VisualStudioVersion = 17.12.35514.174
MinimumVisualStudioVersion = 10.0.40219.1
Project("{F2A71F9B-5D33-465A-A702-920D77279786}") = "EvenNumbers", "EvenNumbers.fsproj", "{43515015-E557-476A-8DB4-5A85A7A45860}"
EndProject
Project("{F2A71F9B-5D33-465A-A702-920D77279786}") = "EvenNumbers.Tests", "..\EvenNumbers.Tests\EvenNumbers.Tests.fsproj", "{7CF0A4CD-8001-4EFE-B1F1-DB7D8DE6285B}"
EndProject
Global
	GlobalSection(SolutionConfigurationPlatforms) = preSolution
		Debug|Any CPU = Debug|Any CPU
		Release|Any CPU = Release|Any CPU
	EndGlobalSection
	GlobalSection(ProjectConfigurationPlatforms) = postSolution
		{43515015-E557-476A-8DB4-5A85A7A45860}.Debug|Any CPU.ActiveCfg = Debug|Any CPU
		{43515015-E557-476A-8DB4-5A85A7A45860}.Debug|Any CPU.Build.0 = Debug|Any CPU
		{43515015-E557-476A-8DB4-5A85A7A45860}.Release|Any CPU.ActiveCfg = Release|Any CPU
		{43515015-E557-476A-8DB4-5A85A7A45860}.Release|Any CPU.Build.0 = Release|Any CPU
		{7CF0A4CD-8001-4EFE-B1F1-DB7D8DE6285B}.Debug|Any CPU.ActiveCfg = Debug|Any CPU
		{7CF0A4CD-8001-4EFE-B1F1-DB7D8DE6285B}.Debug|Any CPU.Build.0 = Debug|Any CPU
		{7CF0A4CD-8001-4EFE-B1F1-DB7D8DE6285B}.Release|Any CPU.ActiveCfg = Release|Any CPU
		{7CF0A4CD-8001-4EFE-B1F1-DB7D8DE6285B}.Release|Any CPU.Build.0 = Release|Any CPU
	EndGlobalSection
	GlobalSection(SolutionProperties) = preSolution
		HideSolutionNode = FALSE
	EndGlobalSection
EndGlobal
