
Microsoft Visual Studio Solution File, Format Version 12.00
# Visual Studio Version 17
VisualStudioVersion = 17.12.35514.174
MinimumVisualStudioVersion = 10.0.40219.1
Project("{F2A71F9B-5D33-465A-A702-920D77279786}") = "LambdaParser", "LambdaParser.fsproj", "{ED27B986-F751-499C-BDEB-776308D0E953}"
EndProject
Project("{F2A71F9B-5D33-465A-A702-920D77279786}") = "LambdaInterpreter", "..\LambdaInterpreter\LambdaInterpreter.fsproj", "{5FA68925-38B6-47C6-BB4D-3C7D0E8F903D}"
EndProject
Project("{F2A71F9B-5D33-465A-A702-920D77279786}") = "LambdaParser.Tests", "..\LambdaParser.Tests\LambdaParser.Tests.fsproj", "{8298F9FB-B228-4EBB-A176-A3EFB6EA0BB0}"
EndProject
Global
	GlobalSection(SolutionConfigurationPlatforms) = preSolution
		Debug|Any CPU = Debug|Any CPU
		Release|Any CPU = Release|Any CPU
	EndGlobalSection
	GlobalSection(ProjectConfigurationPlatforms) = postSolution
		{ED27B986-F751-499C-BDEB-776308D0E953}.Debug|Any CPU.ActiveCfg = Debug|Any CPU
		{ED27B986-F751-499C-BDEB-776308D0E953}.Debug|Any CPU.Build.0 = Debug|Any CPU
		{ED27B986-F751-499C-BDEB-776308D0E953}.Release|Any CPU.ActiveCfg = Release|Any CPU
		{ED27B986-F751-499C-BDEB-776308D0E953}.Release|Any CPU.Build.0 = Release|Any CPU
		{5FA68925-38B6-47C6-BB4D-3C7D0E8F903D}.Debug|Any CPU.ActiveCfg = Debug|Any CPU
		{5FA68925-38B6-47C6-BB4D-3C7D0E8F903D}.Debug|Any CPU.Build.0 = Debug|Any CPU
		{5FA68925-38B6-47C6-BB4D-3C7D0E8F903D}.Release|Any CPU.ActiveCfg = Release|Any CPU
		{5FA68925-38B6-47C6-BB4D-3C7D0E8F903D}.Release|Any CPU.Build.0 = Release|Any CPU
		{8298F9FB-B228-4EBB-A176-A3EFB6EA0BB0}.Debug|Any CPU.ActiveCfg = Debug|Any CPU
		{8298F9FB-B228-4EBB-A176-A3EFB6EA0BB0}.Debug|Any CPU.Build.0 = Debug|Any CPU
		{8298F9FB-B228-4EBB-A176-A3EFB6EA0BB0}.Release|Any CPU.ActiveCfg = Release|Any CPU
		{8298F9FB-B228-4EBB-A176-A3EFB6EA0BB0}.Release|Any CPU.Build.0 = Release|Any CPU
	EndGlobalSection
	GlobalSection(SolutionProperties) = preSolution
		HideSolutionNode = FALSE
	EndGlobalSection
EndGlobal
